{
  "requires": true,
  "lockfileVersion": 1,
  "dependencies": {
    "@libphp/amazon-linux-2-v74": {
      "version": "0.0.8",
      "resolved": "https://registry.npmjs.org/@libphp/amazon-linux-2-v74/-/amazon-linux-2-v74-0.0.8.tgz",
      "integrity": "sha512-FIrPS2GDOgO5jybnL0jD3AOK+INhfL0du1cWgCf6VUKUZNxikDKHwhfyRNyqBGiJrUvIhrWgwF8rroRuOmqJuw=="
    },
    "vercel-php": {
      "version": "0.3.1",
      "resolved": "https://registry.npmjs.org/vercel-php/-/vercel-php-0.3.1.tgz",
      "integrity": "sha512-62AOx9bQVEQXuxrip64mk8Fhy14s3jhi0xALfSKHz7rCqjCHihZtIrkkiwle/We07OeWmec1yIvKlFuYaCI+lw==",
      "requires": {
        "@libphp/amazon-linux-2-v74": "^0.0.8"
      }
    }
  }
}
